// !$*UTF8*$!
{
	archiveVersion = 1;
	classes = {
	};
	objectVersion = 55;
	objects = {

/* Begin PBXBuildFile section */
		6CB190CCD5A71281C84DBC91 /* Pods_InstagramTests.framework in Frameworks */ = {isa = PBXBuildFile; fileRef = 5BCDA8E90CCD9802A894EB72 /* Pods_InstagramTests.framework */; };
		99014E73DB8FF5839CD9051C /* Pods_Instagram.framework in Frameworks */ = {isa = PBXBuildFile; fileRef = C436C15462B6BCABAC2F775B /* Pods_Instagram.framework */; };
		9B01DECBCFF1E428FDC7046A /* Pods_Instagram_InstagramUITests.framework in Frameworks */ = {isa = PBXBuildFile; fileRef = B53ED645E2505D65CF7F3CA1 /* Pods_Instagram_InstagramUITests.framework */; };
		BEA859CA286A6A3D008989B0 /* LoginViewController.m in Sources */ = {isa = PBXBuildFile; fileRef = BEA859C9286A6A3D008989B0 /* LoginViewController.m */; };
		BEA859CD286ABAF0008989B0 /* HomeFeedViewController.m in Sources */ = {isa = PBXBuildFile; fileRef = BEA859CC286ABAF0008989B0 /* HomeFeedViewController.m */; };
		BEDDB46B286A4E890036AD97 /* AppDelegate.m in Sources */ = {isa = PBXBuildFile; fileRef = BEDDB46A286A4E890036AD97 /* AppDelegate.m */; };
		BEDDB46E286A4E890036AD97 /* SceneDelegate.m in Sources */ = {isa = PBXBuildFile; fileRef = BEDDB46D286A4E890036AD97 /* SceneDelegate.m */; };
		BEDDB474286A4E890036AD97 /* Main.storyboard in Resources */ = {isa = PBXBuildFile; fileRef = BEDDB472286A4E890036AD97 /* Main.storyboard */; };
		BEDDB476286A4E890036AD97 /* Assets.xcassets in Resources */ = {isa = PBXBuildFile; fileRef = BEDDB475286A4E890036AD97 /* Assets.xcassets */; };
		BEDDB479286A4E890036AD97 /* LaunchScreen.storyboard in Resources */ = {isa = PBXBuildFile; fileRef = BEDDB477286A4E890036AD97 /* LaunchScreen.storyboard */; };
		BEDDB47C286A4E890036AD97 /* main.m in Sources */ = {isa = PBXBuildFile; fileRef = BEDDB47B286A4E890036AD97 /* main.m */; };
		BEDDB486286A4E890036AD97 /* InstagramTests.m in Sources */ = {isa = PBXBuildFile; fileRef = BEDDB485286A4E890036AD97 /* InstagramTests.m */; };
		BEDDB490286A4E890036AD97 /* InstagramUITests.m in Sources */ = {isa = PBXBuildFile; fileRef = BEDDB48F286A4E890036AD97 /* InstagramUITests.m */; };
		BEDDB492286A4E890036AD97 /* InstagramUITestsLaunchTests.m in Sources */ = {isa = PBXBuildFile; fileRef = BEDDB491286A4E890036AD97 /* InstagramUITestsLaunchTests.m */; };
/* End PBXBuildFile section */

/* Begin PBXContainerItemProxy section */
		BEDDB482286A4E890036AD97 /* PBXContainerItemProxy */ = {
			isa = PBXContainerItemProxy;
			containerPortal = BEDDB45E286A4E890036AD97 /* Project object */;
			proxyType = 1;
			remoteGlobalIDString = BEDDB465286A4E890036AD97;
			remoteInfo = Instagram;
		};
		BEDDB48C286A4E890036AD97 /* PBXContainerItemProxy */ = {
			isa = PBXContainerItemProxy;
			containerPortal = BEDDB45E286A4E890036AD97 /* Project object */;
			proxyType = 1;
			remoteGlobalIDString = BEDDB465286A4E890036AD97;
			remoteInfo = Instagram;
		};
/* End PBXContainerItemProxy section */

/* Begin PBXFileReference section */
		25A57CB6561A75154CA665E9 /* Pods-Instagram-InstagramUITests.release.xcconfig */ = {isa = PBXFileReference; includeInIndex = 1; lastKnownFileType = text.xcconfig; name = "Pods-Instagram-InstagramUITests.release.xcconfig"; path = "Target Support Files/Pods-Instagram-InstagramUITests/Pods-Instagram-InstagramUITests.release.xcconfig"; sourceTree = "<group>"; };
		25A74808D9F9C00E4CF61B0A /* Pods-Instagram-InstagramUITests.debug.xcconfig */ = {isa = PBXFileReference; includeInIndex = 1; lastKnownFileType = text.xcconfig; name = "Pods-Instagram-InstagramUITests.debug.xcconfig"; path = "Target Support Files/Pods-Instagram-InstagramUITests/Pods-Instagram-InstagramUITests.debug.xcconfig"; sourceTree = "<group>"; };
		5BCDA8E90CCD9802A894EB72 /* Pods_InstagramTests.framework */ = {isa = PBXFileReference; explicitFileType = wrapper.framework; includeInIndex = 0; path = Pods_InstagramTests.framework; sourceTree = BUILT_PRODUCTS_DIR; };
		9C29E71A3E40D97134A50847 /* Pods-InstagramTests.debug.xcconfig */ = {isa = PBXFileReference; includeInIndex = 1; lastKnownFileType = text.xcconfig; name = "Pods-InstagramTests.debug.xcconfig"; path = "Target Support Files/Pods-InstagramTests/Pods-InstagramTests.debug.xcconfig"; sourceTree = "<group>"; };
		9EAAB60E254A3B9558860E64 /* Pods-Instagram.release.xcconfig */ = {isa = PBXFileReference; includeInIndex = 1; lastKnownFileType = text.xcconfig; name = "Pods-Instagram.release.xcconfig"; path = "Target Support Files/Pods-Instagram/Pods-Instagram.release.xcconfig"; sourceTree = "<group>"; };
		B117161C69A4D0B68B07ED7E /* Pods-Instagram.debug.xcconfig */ = {isa = PBXFileReference; includeInIndex = 1; lastKnownFileType = text.xcconfig; name = "Pods-Instagram.debug.xcconfig"; path = "Target Support Files/Pods-Instagram/Pods-Instagram.debug.xcconfig"; sourceTree = "<group>"; };
		B53ED645E2505D65CF7F3CA1 /* Pods_Instagram_InstagramUITests.framework */ = {isa = PBXFileReference; explicitFileType = wrapper.framework; includeInIndex = 0; path = Pods_Instagram_InstagramUITests.framework; sourceTree = BUILT_PRODUCTS_DIR; };
		BEA859C8286A6A3D008989B0 /* LoginViewController.h */ = {isa = PBXFileReference; lastKnownFileType = sourcecode.c.h; path = LoginViewController.h; sourceTree = "<group>"; };
		BEA859C9286A6A3D008989B0 /* LoginViewController.m */ = {isa = PBXFileReference; lastKnownFileType = sourcecode.c.objc; path = LoginViewController.m; sourceTree = "<group>"; };
		BEA859CB286ABAF0008989B0 /* HomeFeedViewController.h */ = {isa = PBXFileReference; lastKnownFileType = sourcecode.c.h; path = HomeFeedViewController.h; sourceTree = "<group>"; };
		BEA859CC286ABAF0008989B0 /* HomeFeedViewController.m */ = {isa = PBXFileReference; lastKnownFileType = sourcecode.c.objc; path = HomeFeedViewController.m; sourceTree = "<group>"; };
		BEDDB466286A4E890036AD97 /* Instagram.app */ = {isa = PBXFileReference; explicitFileType = wrapper.application; includeInIndex = 0; path = Instagram.app; sourceTree = BUILT_PRODUCTS_DIR; };
		BEDDB469286A4E890036AD97 /* AppDelegate.h */ = {isa = PBXFileReference; lastKnownFileType = sourcecode.c.h; path = AppDelegate.h; sourceTree = "<group>"; };
		BEDDB46A286A4E890036AD97 /* AppDelegate.m */ = {isa = PBXFileReference; lastKnownFileType = sourcecode.c.objc; path = AppDelegate.m; sourceTree = "<group>"; };
		BEDDB46C286A4E890036AD97 /* SceneDelegate.h */ = {isa = PBXFileReference; lastKnownFileType = sourcecode.c.h; path = SceneDelegate.h; sourceTree = "<group>"; };
		BEDDB46D286A4E890036AD97 /* SceneDelegate.m */ = {isa = PBXFileReference; lastKnownFileType = sourcecode.c.objc; path = SceneDelegate.m; sourceTree = "<group>"; };
		BEDDB473286A4E890036AD97 /* Base */ = {isa = PBXFileReference; lastKnownFileType = file.storyboard; name = Base; path = Base.lproj/Main.storyboard; sourceTree = "<group>"; };
		BEDDB475286A4E890036AD97 /* Assets.xcassets */ = {isa = PBXFileReference; lastKnownFileType = folder.assetcatalog; path = Assets.xcassets; sourceTree = "<group>"; };
		BEDDB478286A4E890036AD97 /* Base */ = {isa = PBXFileReference; lastKnownFileType = file.storyboard; name = Base; path = Base.lproj/LaunchScreen.storyboard; sourceTree = "<group>"; };
		BEDDB47A286A4E890036AD97 /* Info.plist */ = {isa = PBXFileReference; lastKnownFileType = text.plist.xml; path = Info.plist; sourceTree = "<group>"; };
		BEDDB47B286A4E890036AD97 /* main.m */ = {isa = PBXFileReference; lastKnownFileType = sourcecode.c.objc; path = main.m; sourceTree = "<group>"; };
		BEDDB481286A4E890036AD97 /* InstagramTests.xctest */ = {isa = PBXFileReference; explicitFileType = wrapper.cfbundle; includeInIndex = 0; path = InstagramTests.xctest; sourceTree = BUILT_PRODUCTS_DIR; };
		BEDDB485286A4E890036AD97 /* InstagramTests.m */ = {isa = PBXFileReference; lastKnownFileType = sourcecode.c.objc; path = InstagramTests.m; sourceTree = "<group>"; };
		BEDDB48B286A4E890036AD97 /* InstagramUITests.xctest */ = {isa = PBXFileReference; explicitFileType = wrapper.cfbundle; includeInIndex = 0; path = InstagramUITests.xctest; sourceTree = BUILT_PRODUCTS_DIR; };
		BEDDB48F286A4E890036AD97 /* InstagramUITests.m */ = {isa = PBXFileReference; lastKnownFileType = sourcecode.c.objc; path = InstagramUITests.m; sourceTree = "<group>"; };
		BEDDB491286A4E890036AD97 /* InstagramUITestsLaunchTests.m */ = {isa = PBXFileReference; lastKnownFileType = sourcecode.c.objc; path = InstagramUITestsLaunchTests.m; sourceTree = "<group>"; };
		C436C15462B6BCABAC2F775B /* Pods_Instagram.framework */ = {isa = PBXFileReference; explicitFileType = wrapper.framework; includeInIndex = 0; path = Pods_Instagram.framework; sourceTree = BUILT_PRODUCTS_DIR; };
		F5D196649E67F9A168B9F180 /* Pods-InstagramTests.release.xcconfig */ = {isa = PBXFileReference; includeInIndex = 1; lastKnownFileType = text.xcconfig; name = "Pods-InstagramTests.release.xcconfig"; path = "Target Support Files/Pods-InstagramTests/Pods-InstagramTests.release.xcconfig"; sourceTree = "<group>"; };
/* End PBXFileReference section */

/* Begin PBXFrameworksBuildPhase section */
		BEDDB463286A4E890036AD97 /* Frameworks */ = {
			isa = PBXFrameworksBuildPhase;
			buildActionMask = 2147483647;
			files = (
				99014E73DB8FF5839CD9051C /* Pods_Instagram.framework in Frameworks */,
			);
			runOnlyForDeploymentPostprocessing = 0;
		};
		BEDDB47E286A4E890036AD97 /* Frameworks */ = {
			isa = PBXFrameworksBuildPhase;
			buildActionMask = 2147483647;
			files = (
				6CB190CCD5A71281C84DBC91 /* Pods_InstagramTests.framework in Frameworks */,
			);
			runOnlyForDeploymentPostprocessing = 0;
		};
		BEDDB488286A4E890036AD97 /* Frameworks */ = {
			isa = PBXFrameworksBuildPhase;
			buildActionMask = 2147483647;
			files = (
				9B01DECBCFF1E428FDC7046A /* Pods_Instagram_InstagramUITests.framework in Frameworks */,
			);
			runOnlyForDeploymentPostprocessing = 0;
		};
/* End PBXFrameworksBuildPhase section */

/* Begin PBXGroup section */
		1BB7E1697A7318D22CDAF9CF /* Frameworks */ = {
			isa = PBXGroup;
			children = (
				C436C15462B6BCABAC2F775B /* Pods_Instagram.framework */,
				B53ED645E2505D65CF7F3CA1 /* Pods_Instagram_InstagramUITests.framework */,
				5BCDA8E90CCD9802A894EB72 /* Pods_InstagramTests.framework */,
			);
			name = Frameworks;
			sourceTree = "<group>";
		};
		823A85789034C828A0BBBE35 /* Pods */ = {
			isa = PBXGroup;
			children = (
				B117161C69A4D0B68B07ED7E /* Pods-Instagram.debug.xcconfig */,
				9EAAB60E254A3B9558860E64 /* Pods-Instagram.release.xcconfig */,
				25A74808D9F9C00E4CF61B0A /* Pods-Instagram-InstagramUITests.debug.xcconfig */,
				25A57CB6561A75154CA665E9 /* Pods-Instagram-InstagramUITests.release.xcconfig */,
				9C29E71A3E40D97134A50847 /* Pods-InstagramTests.debug.xcconfig */,
				F5D196649E67F9A168B9F180 /* Pods-InstagramTests.release.xcconfig */,
			);
			path = Pods;
			sourceTree = "<group>";
		};
		BEA859C7286A69F1008989B0 /* View Controllers */ = {
			isa = PBXGroup;
			children = (
				BEA859C8286A6A3D008989B0 /* LoginViewController.h */,
				BEA859C9286A6A3D008989B0 /* LoginViewController.m */,
				BEA859CB286ABAF0008989B0 /* HomeFeedViewController.h */,
				BEA859CC286ABAF0008989B0 /* HomeFeedViewController.m */,
			);
			path = "View Controllers";
			sourceTree = "<group>";
		};
		BEDDB45D286A4E890036AD97 = {
			isa = PBXGroup;
			children = (
				BEDDB468286A4E890036AD97 /* Instagram */,
				BEDDB484286A4E890036AD97 /* InstagramTests */,
				BEDDB48E286A4E890036AD97 /* InstagramUITests */,
				BEDDB467286A4E890036AD97 /* Products */,
				823A85789034C828A0BBBE35 /* Pods */,
				1BB7E1697A7318D22CDAF9CF /* Frameworks */,
			);
			sourceTree = "<group>";
		};
		BEDDB467286A4E890036AD97 /* Products */ = {
			isa = PBXGroup;
			children = (
				BEDDB466286A4E890036AD97 /* Instagram.app */,
				BEDDB481286A4E890036AD97 /* InstagramTests.xctest */,
				BEDDB48B286A4E890036AD97 /* InstagramUITests.xctest */,
			);
			name = Products;
			sourceTree = "<group>";
		};
		BEDDB468286A4E890036AD97 /* Instagram */ = {
			isa = PBXGroup;
			children = (
				BEDDB469286A4E890036AD97 /* AppDelegate.h */,
				BEDDB46A286A4E890036AD97 /* AppDelegate.m */,
				BEDDB46C286A4E890036AD97 /* SceneDelegate.h */,
				BEDDB46D286A4E890036AD97 /* SceneDelegate.m */,
				BEDDB472286A4E890036AD97 /* Main.storyboard */,
				BEDDB475286A4E890036AD97 /* Assets.xcassets */,
				BEDDB477286A4E890036AD97 /* LaunchScreen.storyboard */,
				BEDDB47A286A4E890036AD97 /* Info.plist */,
				BEDDB47B286A4E890036AD97 /* main.m */,
				BEA859C7286A69F1008989B0 /* View Controllers */,
			);
			path = Instagram;
			sourceTree = "<group>";
		};
		BEDDB484286A4E890036AD97 /* InstagramTests */ = {
			isa = PBXGroup;
			children = (
				BEDDB485286A4E890036AD97 /* InstagramTests.m */,
			);
			path = InstagramTests;
			sourceTree = "<group>";
		};
		BEDDB48E286A4E890036AD97 /* InstagramUITests */ = {
			isa = PBXGroup;
			children = (
				BEDDB48F286A4E890036AD97 /* InstagramUITests.m */,
				BEDDB491286A4E890036AD97 /* InstagramUITestsLaunchTests.m */,
			);
			path = InstagramUITests;
			sourceTree = "<group>";
		};
/* End PBXGroup section */

/* Begin PBXNativeTarget section */
		BEDDB465286A4E890036AD97 /* Instagram */ = {
			isa = PBXNativeTarget;
			buildConfigurationList = BEDDB495286A4E890036AD97 /* Build configuration list for PBXNativeTarget "Instagram" */;
			buildPhases = (
				426EE60F3AE31EDCE5D460E0 /* [CP] Check Pods Manifest.lock */,
				BEDDB462286A4E890036AD97 /* Sources */,
				BEDDB463286A4E890036AD97 /* Frameworks */,
				BEDDB464286A4E890036AD97 /* Resources */,
				DCC411C8535961BEE9EE971F /* [CP] Embed Pods Frameworks */,
			);
			buildRules = (
			);
			dependencies = (
			);
			name = Instagram;
			productName = Instagram;
			productReference = BEDDB466286A4E890036AD97 /* Instagram.app */;
			productType = "com.apple.product-type.application";
		};
		BEDDB480286A4E890036AD97 /* InstagramTests */ = {
			isa = PBXNativeTarget;
			buildConfigurationList = BEDDB498286A4E890036AD97 /* Build configuration list for PBXNativeTarget "InstagramTests" */;
			buildPhases = (
				DA7913110DEFE42D2A2A0D45 /* [CP] Check Pods Manifest.lock */,
				BEDDB47D286A4E890036AD97 /* Sources */,
				BEDDB47E286A4E890036AD97 /* Frameworks */,
				BEDDB47F286A4E890036AD97 /* Resources */,
			);
			buildRules = (
			);
			dependencies = (
				BEDDB483286A4E890036AD97 /* PBXTargetDependency */,
			);
			name = InstagramTests;
			productName = InstagramTests;
			productReference = BEDDB481286A4E890036AD97 /* InstagramTests.xctest */;
			productType = "com.apple.product-type.bundle.unit-test";
		};
		BEDDB48A286A4E890036AD97 /* InstagramUITests */ = {
			isa = PBXNativeTarget;
			buildConfigurationList = BEDDB49B286A4E890036AD97 /* Build configuration list for PBXNativeTarget "InstagramUITests" */;
			buildPhases = (
				14B970ECBCD5E5C524D0136B /* [CP] Check Pods Manifest.lock */,
				BEDDB487286A4E890036AD97 /* Sources */,
				BEDDB488286A4E890036AD97 /* Frameworks */,
				BEDDB489286A4E890036AD97 /* Resources */,
				F773136E550FD7B8D786DBCA /* [CP] Embed Pods Frameworks */,
			);
			buildRules = (
			);
			dependencies = (
				BEDDB48D286A4E890036AD97 /* PBXTargetDependency */,
			);
			name = InstagramUITests;
			productName = InstagramUITests;
			productReference = BEDDB48B286A4E890036AD97 /* InstagramUITests.xctest */;
			productType = "com.apple.product-type.bundle.ui-testing";
		};
/* End PBXNativeTarget section */

/* Begin PBXProject section */
		BEDDB45E286A4E890036AD97 /* Project object */ = {
			isa = PBXProject;
			attributes = {
				BuildIndependentTargetsInParallel = 1;
				LastUpgradeCheck = 1340;
				TargetAttributes = {
					BEDDB465286A4E890036AD97 = {
						CreatedOnToolsVersion = 13.4;
					};
					BEDDB480286A4E890036AD97 = {
						CreatedOnToolsVersion = 13.4;
						TestTargetID = BEDDB465286A4E890036AD97;
					};
					BEDDB48A286A4E890036AD97 = {
						CreatedOnToolsVersion = 13.4;
						TestTargetID = BEDDB465286A4E890036AD97;
					};
				};
			};
			buildConfigurationList = BEDDB461286A4E890036AD97 /* Build configuration list for PBXProject "Instagram" */;
			compatibilityVersion = "Xcode 13.0";
			developmentRegion = en;
			hasScannedForEncodings = 0;
			knownRegions = (
				en,
				Base,
			);
			mainGroup = BEDDB45D286A4E890036AD97;
			productRefGroup = BEDDB467286A4E890036AD97 /* Products */;
			projectDirPath = "";
			projectRoot = "";
			targets = (
				BEDDB465286A4E890036AD97 /* Instagram */,
				BEDDB480286A4E890036AD97 /* InstagramTests */,
				BEDDB48A286A4E890036AD97 /* InstagramUITests */,
			);
		};
/* End PBXProject section */

/* Begin PBXResourcesBuildPhase section */
		BEDDB464286A4E890036AD97 /* Resources */ = {
			isa = PBXResourcesBuildPhase;
			buildActionMask = 2147483647;
			files = (
				BEDDB479286A4E890036AD97 /* LaunchScreen.storyboard in Resources */,
				BEDDB476286A4E890036AD97 /* Assets.xcassets in Resources */,
				BEDDB474286A4E890036AD97 /* Main.storyboard in Resources */,
			);
			runOnlyForDeploymentPostprocessing = 0;
		};
		BEDDB47F286A4E890036AD97 /* Resources */ = {
			isa = PBXResourcesBuildPhase;
			buildActionMask = 2147483647;
			files = (
			);
			runOnlyForDeploymentPostprocessing = 0;
		};
		BEDDB489286A4E890036AD97 /* Resources */ = {
			isa = PBXResourcesBuildPhase;
			buildActionMask = 2147483647;
			files = (
			);
			runOnlyForDeploymentPostprocessing = 0;
		};
/* End PBXResourcesBuildPhase section */

/* Begin PBXShellScriptBuildPhase section */
		14B970ECBCD5E5C524D0136B /* [CP] Check Pods Manifest.lock */ = {
			isa = PBXShellScriptBuildPhase;
			buildActionMask = 2147483647;
			files = (
			);
			inputFileListPaths = (
			);
			inputPaths = (
				"${PODS_PODFILE_DIR_PATH}/Podfile.lock",
				"${PODS_ROOT}/Manifest.lock",
			);
			name = "[CP] Check Pods Manifest.lock";
			outputFileListPaths = (
			);
			outputPaths = (
				"$(DERIVED_FILE_DIR)/Pods-Instagram-InstagramUITests-checkManifestLockResult.txt",
			);
			runOnlyForDeploymentPostprocessing = 0;
			shellPath = /bin/sh;
			shellScript = "diff \"${PODS_PODFILE_DIR_PATH}/Podfile.lock\" \"${PODS_ROOT}/Manifest.lock\" > /dev/null\nif [ $? != 0 ] ; then\n    # print error to STDERR\n    echo \"error: The sandbox is not in sync with the Podfile.lock. Run 'pod install' or update your CocoaPods installation.\" >&2\n    exit 1\nfi\n# This output is used by Xcode 'outputs' to avoid re-running this script phase.\necho \"SUCCESS\" > \"${SCRIPT_OUTPUT_FILE_0}\"\n";
			showEnvVarsInLog = 0;
		};
		426EE60F3AE31EDCE5D460E0 /* [CP] Check Pods Manifest.lock */ = {
			isa = PBXShellScriptBuildPhase;
			buildActionMask = 2147483647;
			files = (
			);
			inputFileListPaths = (
			);
			inputPaths = (
				"${PODS_PODFILE_DIR_PATH}/Podfile.lock",
				"${PODS_ROOT}/Manifest.lock",
			);
			name = "[CP] Check Pods Manifest.lock";
			outputFileListPaths = (
			);
			outputPaths = (
				"$(DERIVED_FILE_DIR)/Pods-Instagram-checkManifestLockResult.txt",
			);
			runOnlyForDeploymentPostprocessing = 0;
			shellPath = /bin/sh;
			shellScript = "diff \"${PODS_PODFILE_DIR_PATH}/Podfile.lock\" \"${PODS_ROOT}/Manifest.lock\" > /dev/null\nif [ $? != 0 ] ; then\n    # print error to STDERR\n    echo \"error: The sandbox is not in sync with the Podfile.lock. Run 'pod install' or update your CocoaPods installation.\" >&2\n    exit 1\nfi\n# This output is used by Xcode 'outputs' to avoid re-running this script phase.\necho \"SUCCESS\" > \"${SCRIPT_OUTPUT_FILE_0}\"\n";
			showEnvVarsInLog = 0;
		};
		DA7913110DEFE42D2A2A0D45 /* [CP] Check Pods Manifest.lock */ = {
			isa = PBXShellScriptBuildPhase;
			buildActionMask = 2147483647;
			files = (
			);
			inputFileListPaths = (
			);
			inputPaths = (
				"${PODS_PODFILE_DIR_PATH}/Podfile.lock",
				"${PODS_ROOT}/Manifest.lock",
			);
			name = "[CP] Check Pods Manifest.lock";
			outputFileListPaths = (
			);
			outputPaths = (
				"$(DERIVED_FILE_DIR)/Pods-InstagramTests-checkManifestLockResult.txt",
			);
			runOnlyForDeploymentPostprocessing = 0;
			shellPath = /bin/sh;
			shellScript = "diff \"${PODS_PODFILE_DIR_PATH}/Podfile.lock\" \"${PODS_ROOT}/Manifest.lock\" > /dev/null\nif [ $? != 0 ] ; then\n    # print error to STDERR\n    echo \"error: The sandbox is not in sync with the Podfile.lock. Run 'pod install' or update your CocoaPods installation.\" >&2\n    exit 1\nfi\n# This output is used by Xcode 'outputs' to avoid re-running this script phase.\necho \"SUCCESS\" > \"${SCRIPT_OUTPUT_FILE_0}\"\n";
			showEnvVarsInLog = 0;
		};
		DCC411C8535961BEE9EE971F /* [CP] Embed Pods Frameworks */ = {
			isa = PBXShellScriptBuildPhase;
			buildActionMask = 2147483647;
			files = (
			);
			inputFileListPaths = (
				"${PODS_ROOT}/Target Support Files/Pods-Instagram/Pods-Instagram-frameworks-${CONFIGURATION}-input-files.xcfilelist",
			);
			name = "[CP] Embed Pods Frameworks";
			outputFileListPaths = (
				"${PODS_ROOT}/Target Support Files/Pods-Instagram/Pods-Instagram-frameworks-${CONFIGURATION}-output-files.xcfilelist",
			);
			runOnlyForDeploymentPostprocessing = 0;
			shellPath = /bin/sh;
			shellScript = "\"${PODS_ROOT}/Target Support Files/Pods-Instagram/Pods-Instagram-frameworks.sh\"\n";
			showEnvVarsInLog = 0;
		};
		F773136E550FD7B8D786DBCA /* [CP] Embed Pods Frameworks */ = {
			isa = PBXShellScriptBuildPhase;
			buildActionMask = 2147483647;
			files = (
			);
			inputFileListPaths = (
				"${PODS_ROOT}/Target Support Files/Pods-Instagram-InstagramUITests/Pods-Instagram-InstagramUITests-frameworks-${CONFIGURATION}-input-files.xcfilelist",
			);
			name = "[CP] Embed Pods Frameworks";
			outputFileListPaths = (
				"${PODS_ROOT}/Target Support Files/Pods-Instagram-InstagramUITests/Pods-Instagram-InstagramUITests-frameworks-${CONFIGURATION}-output-files.xcfilelist",
			);
			runOnlyForDeploymentPostprocessing = 0;
			shellPath = /bin/sh;
			shellScript = "\"${PODS_ROOT}/Target Support Files/Pods-Instagram-InstagramUITests/Pods-Instagram-InstagramUITests-frameworks.sh\"\n";
			showEnvVarsInLog = 0;
		};
/* End PBXShellScriptBuildPhase section */

/* Begin PBXSourcesBuildPhase section */
		BEDDB462286A4E890036AD97 /* Sources */ = {
			isa = PBXSourcesBuildPhase;
			buildActionMask = 2147483647;
			files = (
				BEA859CD286ABAF0008989B0 /* HomeFeedViewController.m in Sources */,
				BEDDB46B286A4E890036AD97 /* AppDelegate.m in Sources */,
				BEDDB47C286A4E890036AD97 /* main.m in Sources */,
				BEDDB46E286A4E890036AD97 /* SceneDelegate.m in Sources */,
				BEA859CA286A6A3D008989B0 /* LoginViewController.m in Sources */,
			);
			runOnlyForDeploymentPostprocessing = 0;
		};
		BEDDB47D286A4E890036AD97 /* Sources */ = {
			isa = PBXSourcesBuildPhase;
			buildActionMask = 2147483647;
			files = (
				BEDDB486286A4E890036AD97 /* InstagramTests.m in Sources */,
			);
			runOnlyForDeploymentPostprocessing = 0;
		};
		BEDDB487286A4E890036AD97 /* Sources */ = {
			isa = PBXSourcesBuildPhase;
			buildActionMask = 2147483647;
			files = (
				BEDDB490286A4E890036AD97 /* InstagramUITests.m in Sources */,
				BEDDB492286A4E890036AD97 /* InstagramUITestsLaunchTests.m in Sources */,
			);
			runOnlyForDeploymentPostprocessing = 0;
		};
/* End PBXSourcesBuildPhase section */

/* Begin PBXTargetDependency section */
		BEDDB483286A4E890036AD97 /* PBXTargetDependency */ = {
			isa = PBXTargetDependency;
			target = BEDDB465286A4E890036AD97 /* Instagram */;
			targetProxy = BEDDB482286A4E890036AD97 /* PBXContainerItemProxy */;
		};
		BEDDB48D286A4E890036AD97 /* PBXTargetDependency */ = {
			isa = PBXTargetDependency;
			target = BEDDB465286A4E890036AD97 /* Instagram */;
			targetProxy = BEDDB48C286A4E890036AD97 /* PBXContainerItemProxy */;
		};
/* End PBXTargetDependency section */

/* Begin PBXVariantGroup section */
		BEDDB472286A4E890036AD97 /* Main.storyboard */ = {
			isa = PBXVariantGroup;
			children = (
				BEDDB473286A4E890036AD97 /* Base */,
			);
			name = Main.storyboard;
			sourceTree = "<group>";
		};
		BEDDB477286A4E890036AD97 /* LaunchScreen.storyboard */ = {
			isa = PBXVariantGroup;
			children = (
				BEDDB478286A4E890036AD97 /* Base */,
			);
			name = LaunchScreen.storyboard;
			sourceTree = "<group>";
		};
/* End PBXVariantGroup section */

/* Begin XCBuildConfiguration section */
		BEDDB493286A4E890036AD97 /* Debug */ = {
			isa = XCBuildConfiguration;
			buildSettings = {
				ALWAYS_SEARCH_USER_PATHS = NO;
				CLANG_ANALYZER_NONNULL = YES;
				CLANG_ANALYZER_NUMBER_OBJECT_CONVERSION = YES_AGGRESSIVE;
				CLANG_CXX_LANGUAGE_STANDARD = "gnu++17";
				CLANG_ENABLE_MODULES = YES;
				CLANG_ENABLE_OBJC_ARC = YES;
				CLANG_ENABLE_OBJC_WEAK = YES;
				CLANG_WARN_BLOCK_CAPTURE_AUTORELEASING = YES;
				CLANG_WARN_BOOL_CONVERSION = YES;
				CLANG_WARN_COMMA = YES;
				CLANG_WARN_CONSTANT_CONVERSION = YES;
				CLANG_WARN_DEPRECATED_OBJC_IMPLEMENTATIONS = YES;
				CLANG_WARN_DIRECT_OBJC_ISA_USAGE = YES_ERROR;
				CLANG_WARN_DOCUMENTATION_COMMENTS = YES;
				CLANG_WARN_EMPTY_BODY = YES;
				CLANG_WARN_ENUM_CONVERSION = YES;
				CLANG_WARN_INFINITE_RECURSION = YES;
				CLANG_WARN_INT_CONVERSION = YES;
				CLANG_WARN_NON_LITERAL_NULL_CONVERSION = YES;
				CLANG_WARN_OBJC_IMPLICIT_RETAIN_SELF = YES;
				CLANG_WARN_OBJC_LITERAL_CONVERSION = YES;
				CLANG_WARN_OBJC_ROOT_CLASS = YES_ERROR;
				CLANG_WARN_QUOTED_INCLUDE_IN_FRAMEWORK_HEADER = YES;
				CLANG_WARN_RANGE_LOOP_ANALYSIS = YES;
				CLANG_WARN_STRICT_PROTOTYPES = YES;
				CLANG_WARN_SUSPICIOUS_MOVE = YES;
				CLANG_WARN_UNGUARDED_AVAILABILITY = YES_AGGRESSIVE;
				CLANG_WARN_UNREACHABLE_CODE = YES;
				CLANG_WARN__DUPLICATE_METHOD_MATCH = YES;
				COPY_PHASE_STRIP = NO;
				DEBUG_INFORMATION_FORMAT = dwarf;
				ENABLE_STRICT_OBJC_MSGSEND = YES;
				ENABLE_TESTABILITY = YES;
				GCC_C_LANGUAGE_STANDARD = gnu11;
				GCC_DYNAMIC_NO_PIC = NO;
				GCC_NO_COMMON_BLOCKS = YES;
				GCC_OPTIMIZATION_LEVEL = 0;
				GCC_PREPROCESSOR_DEFINITIONS = (
					"DEBUG=1",
					"$(inherited)",
				);
				GCC_WARN_64_TO_32_BIT_CONVERSION = YES;
				GCC_WARN_ABOUT_RETURN_TYPE = YES_ERROR;
				GCC_WARN_UNDECLARED_SELECTOR = YES;
				GCC_WARN_UNINITIALIZED_AUTOS = YES_AGGRESSIVE;
				GCC_WARN_UNUSED_FUNCTION = YES;
				GCC_WARN_UNUSED_VARIABLE = YES;
				IPHONEOS_DEPLOYMENT_TARGET = 15.5;
				MTL_ENABLE_DEBUG_INFO = INCLUDE_SOURCE;
				MTL_FAST_MATH = YES;
				ONLY_ACTIVE_ARCH = YES;
				SDKROOT = iphoneos;
			};
			name = Debug;
		};
		BEDDB494286A4E890036AD97 /* Release */ = {
			isa = XCBuildConfiguration;
			buildSettings = {
				ALWAYS_SEARCH_USER_PATHS = NO;
				CLANG_ANALYZER_NONNULL = YES;
				CLANG_ANALYZER_NUMBER_OBJECT_CONVERSION = YES_AGGRESSIVE;
				CLANG_CXX_LANGUAGE_STANDARD = "gnu++17";
				CLANG_ENABLE_MODULES = YES;
				CLANG_ENABLE_OBJC_ARC = YES;
				CLANG_ENABLE_OBJC_WEAK = YES;
				CLANG_WARN_BLOCK_CAPTURE_AUTORELEASING = YES;
				CLANG_WARN_BOOL_CONVERSION = YES;
				CLANG_WARN_COMMA = YES;
				CLANG_WARN_CONSTANT_CONVERSION = YES;
				CLANG_WARN_DEPRECATED_OBJC_IMPLEMENTATIONS = YES;
				CLANG_WARN_DIRECT_OBJC_ISA_USAGE = YES_ERROR;
				CLANG_WARN_DOCUMENTATION_COMMENTS = YES;
				CLANG_WARN_EMPTY_BODY = YES;
				CLANG_WARN_ENUM_CONVERSION = YES;
				CLANG_WARN_INFINITE_RECURSION = YES;
				CLANG_WARN_INT_CONVERSION = YES;
				CLANG_WARN_NON_LITERAL_NULL_CONVERSION = YES;
				CLANG_WARN_OBJC_IMPLICIT_RETAIN_SELF = YES;
				CLANG_WARN_OBJC_LITERAL_CONVERSION = YES;
				CLANG_WARN_OBJC_ROOT_CLASS = YES_ERROR;
				CLANG_WARN_QUOTED_INCLUDE_IN_FRAMEWORK_HEADER = YES;
				CLANG_WARN_RANGE_LOOP_ANALYSIS = YES;
				CLANG_WARN_STRICT_PROTOTYPES = YES;
				CLANG_WARN_SUSPICIOUS_MOVE = YES;
				CLANG_WARN_UNGUARDED_AVAILABILITY = YES_AGGRESSIVE;
				CLANG_WARN_UNREACHABLE_CODE = YES;
				CLANG_WARN__DUPLICATE_METHOD_MATCH = YES;
				COPY_PHASE_STRIP = NO;
				DEBUG_INFORMATION_FORMAT = "dwarf-with-dsym";
				ENABLE_NS_ASSERTIONS = NO;
				ENABLE_STRICT_OBJC_MSGSEND = YES;
				GCC_C_LANGUAGE_STANDARD = gnu11;
				GCC_NO_COMMON_BLOCKS = YES;
				GCC_WARN_64_TO_32_BIT_CONVERSION = YES;
				GCC_WARN_ABOUT_RETURN_TYPE = YES_ERROR;
				GCC_WARN_UNDECLARED_SELECTOR = YES;
				GCC_WARN_UNINITIALIZED_AUTOS = YES_AGGRESSIVE;
				GCC_WARN_UNUSED_FUNCTION = YES;
				GCC_WARN_UNUSED_VARIABLE = YES;
				IPHONEOS_DEPLOYMENT_TARGET = 15.5;
				MTL_ENABLE_DEBUG_INFO = NO;
				MTL_FAST_MATH = YES;
				SDKROOT = iphoneos;
				VALIDATE_PRODUCT = YES;
			};
			name = Release;
		};
		BEDDB496286A4E890036AD97 /* Debug */ = {
			isa = XCBuildConfiguration;
			baseConfigurationReference = B117161C69A4D0B68B07ED7E /* Pods-Instagram.debug.xcconfig */;
			buildSettings = {
				ASSETCATALOG_COMPILER_APPICON_NAME = AppIcon;
				ASSETCATALOG_COMPILER_GLOBAL_ACCENT_COLOR_NAME = AccentColor;
				CODE_SIGN_STYLE = Automatic;
				CURRENT_PROJECT_VERSION = 1;
				DEVELOPMENT_TEAM = R23XRH86L8;
				GENERATE_INFOPLIST_FILE = YES;
				INFOPLIST_FILE = Instagram/Info.plist;
				INFOPLIST_KEY_UIApplicationSupportsIndirectInputEvents = YES;
				INFOPLIST_KEY_UILaunchStoryboardName = LaunchScreen;
				INFOPLIST_KEY_UIMainStoryboardFile = Main;
				INFOPLIST_KEY_UISupportedInterfaceOrientations_iPad = "UIInterfaceOrientationPortrait UIInterfaceOrientationPortraitUpsideDown UIInterfaceOrientationLandscapeLeft UIInterfaceOrientationLandscapeRight";
				INFOPLIST_KEY_UISupportedInterfaceOrientations_iPhone = "UIInterfaceOrientationPortrait UIInterfaceOrientationLandscapeLeft UIInterfaceOrientationLandscapeRight";
				LD_RUNPATH_SEARCH_PATHS = (
					"$(inherited)",
					"@executable_path/Frameworks",
				);
				MARKETING_VERSION = 1.0;
				PRODUCT_BUNDLE_IDENTIFIER = com.fb.Instagram;
				PRODUCT_NAME = "$(TARGET_NAME)";
				SWIFT_EMIT_LOC_STRINGS = YES;
				TARGETED_DEVICE_FAMILY = "1,2";
			};
			name = Debug;
		};
		BEDDB497286A4E890036AD97 /* Release */ = {
			isa = XCBuildConfiguration;
			baseConfigurationReference = 9EAAB60E254A3B9558860E64 /* Pods-Instagram.release.xcconfig */;
			buildSettings = {
				ASSETCATALOG_COMPILER_APPICON_NAME = AppIcon;
				ASSETCATALOG_COMPILER_GLOBAL_ACCENT_COLOR_NAME = AccentColor;
				CODE_SIGN_STYLE = Automatic;
				CURRENT_PROJECT_VERSION = 1;
				DEVELOPMENT_TEAM = R23XRH86L8;
				GENERATE_INFOPLIST_FILE = YES;
				INFOPLIST_FILE = Instagram/Info.plist;
				INFOPLIST_KEY_UIApplicationSupportsIndirectInputEvents = YES;
				INFOPLIST_KEY_UILaunchStoryboardName = LaunchScreen;
				INFOPLIST_KEY_UIMainStoryboardFile = Main;
				INFOPLIST_KEY_UISupportedInterfaceOrientations_iPad = "UIInterfaceOrientationPortrait UIInterfaceOrientationPortraitUpsideDown UIInterfaceOrientationLandscapeLeft UIInterfaceOrientationLandscapeRight";
				INFOPLIST_KEY_UISupportedInterfaceOrientations_iPhone = "UIInterfaceOrientationPortrait UIInterfaceOrientationLandscapeLeft UIInterfaceOrientationLandscapeRight";
				LD_RUNPATH_SEARCH_PATHS = (
					"$(inherited)",
					"@executable_path/Frameworks",
				);
				MARKETING_VERSION = 1.0;
				PRODUCT_BUNDLE_IDENTIFIER = com.fb.Instagram;
				PRODUCT_NAME = "$(TARGET_NAME)";
				SWIFT_EMIT_LOC_STRINGS = YES;
				TARGETED_DEVICE_FAMILY = "1,2";
			};
			name = Release;
		};
		BEDDB499286A4E890036AD97 /* Debug */ = {
			isa = XCBuildConfiguration;
			baseConfigurationReference = 9C29E71A3E40D97134A50847 /* Pods-InstagramTests.debug.xcconfig */;
			buildSettings = {
				BUNDLE_LOADER = "$(TEST_HOST)";
				CODE_SIGN_STYLE = Automatic;
				CURRENT_PROJECT_VERSION = 1;
				DEVELOPMENT_TEAM = R23XRH86L8;
				GENERATE_INFOPLIST_FILE = YES;
				IPHONEOS_DEPLOYMENT_TARGET = 15.5;
				MARKETING_VERSION = 1.0;
				PRODUCT_BUNDLE_IDENTIFIER = com.fb.InstagramTests;
				PRODUCT_NAME = "$(TARGET_NAME)";
				SWIFT_EMIT_LOC_STRINGS = NO;
				TARGETED_DEVICE_FAMILY = "1,2";
				TEST_HOST = "$(BUILT_PRODUCTS_DIR)/Instagram.app/Instagram";
			};
			name = Debug;
		};
		BEDDB49A286A4E890036AD97 /* Release */ = {
			isa = XCBuildConfiguration;
			baseConfigurationReference = F5D196649E67F9A168B9F180 /* Pods-InstagramTests.release.xcconfig */;
			buildSettings = {
				BUNDLE_LOADER = "$(TEST_HOST)";
				CODE_SIGN_STYLE = Automatic;
				CURRENT_PROJECT_VERSION = 1;
				DEVELOPMENT_TEAM = R23XRH86L8;
				GENERATE_INFOPLIST_FILE = YES;
				IPHONEOS_DEPLOYMENT_TARGET = 15.5;
				MARKETING_VERSION = 1.0;
				PRODUCT_BUNDLE_IDENTIFIER = com.fb.InstagramTests;
				PRODUCT_NAME = "$(TARGET_NAME)";
				SWIFT_EMIT_LOC_STRINGS = NO;
				TARGETED_DEVICE_FAMILY = "1,2";
				TEST_HOST = "$(BUILT_PRODUCTS_DIR)/Instagram.app/Instagram";
			};
			name = Release;
		};
		BEDDB49C286A4E890036AD97 /* Debug */ = {
			isa = XCBuildConfiguration;
			baseConfigurationReference = 25A74808D9F9C00E4CF61B0A /* Pods-Instagram-InstagramUITests.debug.xcconfig */;
			buildSettings = {
				CODE_SIGN_STYLE = Automatic;
				CURRENT_PROJECT_VERSION = 1;
				DEVELOPMENT_TEAM = R23XRH86L8;
				GENERATE_INFOPLIST_FILE = YES;
				MARKETING_VERSION = 1.0;
				PRODUCT_BUNDLE_IDENTIFIER = com.fb.InstagramUITests;
				PRODUCT_NAME = "$(TARGET_NAME)";
				SWIFT_EMIT_LOC_STRINGS = NO;
				TARGETED_DEVICE_FAMILY = "1,2";
				TEST_TARGET_NAME = Instagram;
			};
			name = Debug;
		};
		BEDDB49D286A4E890036AD97 /* Release */ = {
			isa = XCBuildConfiguration;
			baseConfigurationReference = 25A57CB6561A75154CA665E9 /* Pods-Instagram-InstagramUITests.release.xcconfig */;
			buildSettings = {
				CODE_SIGN_STYLE = Automatic;
				CURRENT_PROJECT_VERSION = 1;
				DEVELOPMENT_TEAM = R23XRH86L8;
				GENERATE_INFOPLIST_FILE = YES;
				MARKETING_VERSION = 1.0;
				PRODUCT_BUNDLE_IDENTIFIER = com.fb.InstagramUITests;
				PRODUCT_NAME = "$(TARGET_NAME)";
				SWIFT_EMIT_LOC_STRINGS = NO;
				TARGETED_DEVICE_FAMILY = "1,2";
				TEST_TARGET_NAME = Instagram;
			};
			name = Release;
		};
/* End XCBuildConfiguration section */

/* Begin XCConfigurationList section */
		BEDDB461286A4E890036AD97 /* Build configuration list for PBXProject "Instagram" */ = {
			isa = XCConfigurationList;
			buildConfigurations = (
				BEDDB493286A4E890036AD97 /* Debug */,
				BEDDB494286A4E890036AD97 /* Release */,
			);
			defaultConfigurationIsVisible = 0;
			defaultConfigurationName = Release;
		};
		BEDDB495286A4E890036AD97 /* Build configuration list for PBXNativeTarget "Instagram" */ = {
			isa = XCConfigurationList;
			buildConfigurations = (
				BEDDB496286A4E890036AD97 /* Debug */,
				BEDDB497286A4E890036AD97 /* Release */,
			);
			defaultConfigurationIsVisible = 0;
			defaultConfigurationName = Release;
		};
		BEDDB498286A4E890036AD97 /* Build configuration list for PBXNativeTarget "InstagramTests" */ = {
			isa = XCConfigurationList;
			buildConfigurations = (
				BEDDB499286A4E890036AD97 /* Debug */,
				BEDDB49A286A4E890036AD97 /* Release */,
			);
			defaultConfigurationIsVisible = 0;
			defaultConfigurationName = Release;
		};
		BEDDB49B286A4E890036AD97 /* Build configuration list for PBXNativeTarget "InstagramUITests" */ = {
			isa = XCConfigurationList;
			buildConfigurations = (
				BEDDB49C286A4E890036AD97 /* Debug */,
				BEDDB49D286A4E890036AD97 /* Release */,
			);
			defaultConfigurationIsVisible = 0;
			defaultConfigurationName = Release;
		};
/* End XCConfigurationList section */
	};
	rootObject = BEDDB45E286A4E890036AD97 /* Project object */;
}
